// !$*UTF8*$!
{
	archiveVersion = 1;
	classes = {
	};
	objectVersion = 46;
	objects = {

/* Begin PBXBuildFile section */
		AD822B2A15B9951F00FB0B55 /* Cocoa.framework in Frameworks */ = {isa = PBXBuildFile; fileRef = AD822B2915B9951F00FB0B55 /* Cocoa.framework */; };
		AD822B2C15B9951F00FB0B55 /* PreferencePanes.framework in Frameworks */ = {isa = PBXBuildFile; fileRef = AD822B2B15B9951F00FB0B55 /* PreferencePanes.framework */; };
		AD822B5C15B9ADD300FB0B55 /* MongoDB-Prefix.pch in Headers */ = {isa = PBXBuildFile; fileRef = AD822B4F15B9ADD300FB0B55 /* MongoDB-Prefix.pch */; };
		AD822B5D15B9ADD300FB0B55 /* MongoDBPrefsPane.h in Headers */ = {isa = PBXBuildFile; fileRef = AD822B5015B9ADD300FB0B55 /* MongoDBPrefsPane.h */; };
		AD822B5E15B9ADD300FB0B55 /* MongoDBPrefsPane.m in Sources */ = {isa = PBXBuildFile; fileRef = AD822B5115B9ADD300FB0B55 /* MongoDBPrefsPane.m */; };
		AD822B5F15B9ADD300FB0B55 /* InfoPlist.strings in Resources */ = {isa = PBXBuildFile; fileRef = AD822B5315B9ADD300FB0B55 /* InfoPlist.strings */; };
		AD822B6015B9ADD300FB0B55 /* MongoDBPrefsPane.xib in Resources */ = {isa = PBXBuildFile; fileRef = AD822B5515B9ADD300FB0B55 /* MongoDBPrefsPane.xib */; };
		AD822B6115B9ADD300FB0B55 /* instance_started.png in Resources */ = {isa = PBXBuildFile; fileRef = AD822B5715B9ADD300FB0B55 /* instance_started.png */; };
		AD822B6215B9ADD300FB0B55 /* instance_stopped.png in Resources */ = {isa = PBXBuildFile; fileRef = AD822B5815B9ADD300FB0B55 /* instance_stopped.png */; };
		AD822B6315B9ADD300FB0B55 /* logo-mongodb.png in Resources */ = {isa = PBXBuildFile; fileRef = AD822B5915B9ADD300FB0B55 /* logo-mongodb.png */; };
		AD822B6415B9ADD300FB0B55 /* mongodb.tiff in Resources */ = {isa = PBXBuildFile; fileRef = AD822B5A15B9ADD300FB0B55 /* mongodb.tiff */; };
		ADAF3CB515B9B67C008C79F0 /* com.remysaissy.mongodb-prefspane.plist in Resources */ = {isa = PBXBuildFile; fileRef = ADAF3CB415B9B67C008C79F0 /* com.remysaissy.mongodb-prefspane.plist */; };
/* End PBXBuildFile section */

/* Begin PBXFileReference section */
		AD822B2615B9951F00FB0B55 /* MongoDB.prefPane */ = {isa = PBXFileReference; explicitFileType = wrapper.cfbundle; includeInIndex = 0; path = MongoDB.prefPane; sourceTree = BUILT_PRODUCTS_DIR; };
		AD822B2915B9951F00FB0B55 /* Cocoa.framework */ = {isa = PBXFileReference; lastKnownFileType = wrapper.framework; name = Cocoa.framework; path = System/Library/Frameworks/Cocoa.framework; sourceTree = SDKROOT; };
		AD822B2B15B9951F00FB0B55 /* PreferencePanes.framework */ = {isa = PBXFileReference; lastKnownFileType = wrapper.framework; name = PreferencePanes.framework; path = System/Library/Frameworks/PreferencePanes.framework; sourceTree = SDKROOT; };
		AD822B2E15B9951F00FB0B55 /* AppKit.framework */ = {isa = PBXFileReference; lastKnownFileType = wrapper.framework; name = AppKit.framework; path = System/Library/Frameworks/AppKit.framework; sourceTree = SDKROOT; };
		AD822B2F15B9951F00FB0B55 /* CoreData.framework */ = {isa = PBXFileReference; lastKnownFileType = wrapper.framework; name = CoreData.framework; path = System/Library/Frameworks/CoreData.framework; sourceTree = SDKROOT; };
		AD822B3015B9951F00FB0B55 /* Foundation.framework */ = {isa = PBXFileReference; lastKnownFileType = wrapper.framework; name = Foundation.framework; path = System/Library/Frameworks/Foundation.framework; sourceTree = SDKROOT; };
		AD822B4D15B9ADD300FB0B55 /* MongoDB-PrefsPane-Info.plist */ = {isa = PBXFileReference; fileEncoding = 4; lastKnownFileType = text.plist.xml; path = "MongoDB-PrefsPane-Info.plist"; sourceTree = "<group>"; };
		AD822B4F15B9ADD300FB0B55 /* MongoDB-Prefix.pch */ = {isa = PBXFileReference; fileEncoding = 4; lastKnownFileType = sourcecode.c.h; path = "MongoDB-Prefix.pch"; sourceTree = "<group>"; };
		AD822B5015B9ADD300FB0B55 /* MongoDBPrefsPane.h */ = {isa = PBXFileReference; fileEncoding = 4; lastKnownFileType = sourcecode.c.h; path = MongoDBPrefsPane.h; sourceTree = "<group>"; };
		AD822B5115B9ADD300FB0B55 /* MongoDBPrefsPane.m */ = {isa = PBXFileReference; fileEncoding = 4; lastKnownFileType = sourcecode.c.objc; path = MongoDBPrefsPane.m; sourceTree = "<group>"; };
		AD822B5415B9ADD300FB0B55 /* en */ = {isa = PBXFileReference; lastKnownFileType = text.plist.strings; name = en; path = en.lproj/InfoPlist.strings; sourceTree = "<group>"; };
		AD822B5615B9ADD300FB0B55 /* en */ = {isa = PBXFileReference; lastKnownFileType = file.xib; name = en; path = en.lproj/MongoDBPrefsPane.xib; sourceTree = "<group>"; };
		AD822B5715B9ADD300FB0B55 /* instance_started.png */ = {isa = PBXFileReference; lastKnownFileType = image.png; path = instance_started.png; sourceTree = "<group>"; };
		AD822B5815B9ADD300FB0B55 /* instance_stopped.png */ = {isa = PBXFileReference; lastKnownFileType = image.png; path = instance_stopped.png; sourceTree = "<group>"; };
		AD822B5915B9ADD300FB0B55 /* logo-mongodb.png */ = {isa = PBXFileReference; lastKnownFileType = image.png; path = "logo-mongodb.png"; sourceTree = "<group>"; };
		AD822B5A15B9ADD300FB0B55 /* mongodb.tiff */ = {isa = PBXFileReference; lastKnownFileType = image.tiff; path = mongodb.tiff; sourceTree = "<group>"; };
		ADAF3CB415B9B67C008C79F0 /* com.remysaissy.mongodb-prefspane.plist */ = {isa = PBXFileReference; fileEncoding = 4; lastKnownFileType = text.plist.xml; path = "com.remysaissy.mongodb-prefspane.plist"; sourceTree = "<group>"; };
		ADAF3CB715B9E22A008C79F0 /* Carbon.framework */ = {isa = PBXFileReference; lastKnownFileType = wrapper.framework; name = Carbon.framework; path = System/Library/Frameworks/Carbon.framework; sourceTree = SDKROOT; };
/* End PBXFileReference section */

/* Begin PBXFrameworksBuildPhase section */
		AD822B2115B9951F00FB0B55 /* Frameworks */ = {
			isa = PBXFrameworksBuildPhase;
			buildActionMask = 2147483647;
			files = (
				AD822B2A15B9951F00FB0B55 /* Cocoa.framework in Frameworks */,
				AD822B2C15B9951F00FB0B55 /* PreferencePanes.framework in Frameworks */,
			);
			runOnlyForDeploymentPostprocessing = 0;
		};
/* End PBXFrameworksBuildPhase section */

/* Begin PBXGroup section */
		AD822B1915B9951F00FB0B55 = {
			isa = PBXGroup;
			children = (
				ADAF3CB715B9E22A008C79F0 /* Carbon.framework */,
				AD822B4B15B9ADD300FB0B55 /* main */,
				AD822B2815B9951F00FB0B55 /* Frameworks */,
				AD822B2715B9951F00FB0B55 /* Products */,
			);
			sourceTree = "<group>";
		};
		AD822B2715B9951F00FB0B55 /* Products */ = {
			isa = PBXGroup;
			children = (
				AD822B2615B9951F00FB0B55 /* MongoDB.prefPane */,
			);
			name = Products;
			sourceTree = "<group>";
		};
		AD822B2815B9951F00FB0B55 /* Frameworks */ = {
			isa = PBXGroup;
			children = (
				AD822B2915B9951F00FB0B55 /* Cocoa.framework */,
				AD822B2B15B9951F00FB0B55 /* PreferencePanes.framework */,
				AD822B2D15B9951F00FB0B55 /* Other Frameworks */,
			);
			name = Frameworks;
			sourceTree = "<group>";
		};
		AD822B2D15B9951F00FB0B55 /* Other Frameworks */ = {
			isa = PBXGroup;
			children = (
				AD822B2E15B9951F00FB0B55 /* AppKit.framework */,
				AD822B2F15B9951F00FB0B55 /* CoreData.framework */,
				AD822B3015B9951F00FB0B55 /* Foundation.framework */,
			);
			name = "Other Frameworks";
			sourceTree = "<group>";
		};
		AD822B4B15B9ADD300FB0B55 /* main */ = {
			isa = PBXGroup;
			children = (
				AD822B4C15B9ADD300FB0B55 /* config */,
				AD822B4E15B9ADD300FB0B55 /* objc */,
				AD822B5215B9ADD300FB0B55 /* resources */,
			);
			name = main;
			path = src/main;
			sourceTree = "<group>";
		};
		AD822B4C15B9ADD300FB0B55 /* config */ = {
			isa = PBXGroup;
			children = (
				AD822B4D15B9ADD300FB0B55 /* MongoDB-PrefsPane-Info.plist */,
			);
			path = config;
			sourceTree = "<group>";
		};
		AD822B4E15B9ADD300FB0B55 /* objc */ = {
			isa = PBXGroup;
			children = (
				AD822B4F15B9ADD300FB0B55 /* MongoDB-Prefix.pch */,
				AD822B5015B9ADD300FB0B55 /* MongoDBPrefsPane.h */,
				AD822B5115B9ADD300FB0B55 /* MongoDBPrefsPane.m */,
			);
			path = objc;
			sourceTree = "<group>";
		};
		AD822B5215B9ADD300FB0B55 /* resources */ = {
			isa = PBXGroup;
			children = (
				ADAF3CB415B9B67C008C79F0 /* com.remysaissy.mongodb-prefspane.plist */,
				AD822B5315B9ADD300FB0B55 /* InfoPlist.strings */,
				AD822B5515B9ADD300FB0B55 /* MongoDBPrefsPane.xib */,
				AD822B5715B9ADD300FB0B55 /* instance_started.png */,
				AD822B5815B9ADD300FB0B55 /* instance_stopped.png */,
				AD822B5915B9ADD300FB0B55 /* logo-mongodb.png */,
				AD822B5A15B9ADD300FB0B55 /* mongodb.tiff */,
			);
			path = resources;
			sourceTree = "<group>";
		};
/* End PBXGroup section */

/* Begin PBXHeadersBuildPhase section */
		AD822B2215B9951F00FB0B55 /* Headers */ = {
			isa = PBXHeadersBuildPhase;
			buildActionMask = 2147483647;
			files = (
				AD822B5C15B9ADD300FB0B55 /* MongoDB-Prefix.pch in Headers */,
				AD822B5D15B9ADD300FB0B55 /* MongoDBPrefsPane.h in Headers */,
			);
			runOnlyForDeploymentPostprocessing = 0;
		};
/* End PBXHeadersBuildPhase section */

/* Begin PBXNativeTarget section */
		AD822B2515B9951F00FB0B55 /* MongoDB-PrefsPane */ = {
			isa = PBXNativeTarget;
			buildConfigurationList = AD822B4215B9951F00FB0B55 /* Build configuration list for PBXNativeTarget "MongoDB-PrefsPane" */;
			buildPhases = (
				AD822B2015B9951F00FB0B55 /* Sources */,
				AD822B2115B9951F00FB0B55 /* Frameworks */,
				AD822B2215B9951F00FB0B55 /* Headers */,
				AD822B2315B9951F00FB0B55 /* Resources */,
				AD822B2415B9951F00FB0B55 /* Rez */,
			);
			buildRules = (
			);
			dependencies = (
			);
			name = "MongoDB-PrefsPane";
			productName = mongodb;
			productReference = AD822B2615B9951F00FB0B55 /* MongoDB.prefPane */;
			productType = "com.apple.product-type.bundle";
		};
/* End PBXNativeTarget section */

/* Begin PBXProject section */
		AD822B1B15B9951F00FB0B55 /* Project object */ = {
			isa = PBXProject;
			attributes = {
				LastUpgradeCheck = 0430;
				ORGANIZATIONNAME = "Octo Technology";
			};
			buildConfigurationList = AD822B1E15B9951F00FB0B55 /* Build configuration list for PBXProject "MongoDB-PrefsPane" */;
			compatibilityVersion = "Xcode 3.2";
			developmentRegion = English;
			hasScannedForEncodings = 0;
			knownRegions = (
				en,
			);
			mainGroup = AD822B1915B9951F00FB0B55;
			productRefGroup = AD822B2715B9951F00FB0B55 /* Products */;
			projectDirPath = "";
			projectRoot = "";
			targets = (
				AD822B2515B9951F00FB0B55 /* MongoDB-PrefsPane */,
			);
		};
/* End PBXProject section */

/* Begin PBXResourcesBuildPhase section */
		AD822B2315B9951F00FB0B55 /* Resources */ = {
			isa = PBXResourcesBuildPhase;
			buildActionMask = 2147483647;
			files = (
				AD822B5F15B9ADD300FB0B55 /* InfoPlist.strings in Resources */,
				AD822B6015B9ADD300FB0B55 /* MongoDBPrefsPane.xib in Resources */,
				AD822B6115B9ADD300FB0B55 /* instance_started.png in Resources */,
				AD822B6215B9ADD300FB0B55 /* instance_stopped.png in Resources */,
				AD822B6315B9ADD300FB0B55 /* logo-mongodb.png in Resources */,
				AD822B6415B9ADD300FB0B55 /* mongodb.tiff in Resources */,
				ADAF3CB515B9B67C008C79F0 /* com.remysaissy.mongodb-prefspane.plist in Resources */,
			);
			runOnlyForDeploymentPostprocessing = 0;
		};
/* End PBXResourcesBuildPhase section */

/* Begin PBXRezBuildPhase section */
		AD822B2415B9951F00FB0B55 /* Rez */ = {
			isa = PBXRezBuildPhase;
			buildActionMask = 2147483647;
			files = (
			);
			runOnlyForDeploymentPostprocessing = 0;
		};
/* End PBXRezBuildPhase section */

/* Begin PBXSourcesBuildPhase section */
		AD822B2015B9951F00FB0B55 /* Sources */ = {
			isa = PBXSourcesBuildPhase;
			buildActionMask = 2147483647;
			files = (
				AD822B5E15B9ADD300FB0B55 /* MongoDBPrefsPane.m in Sources */,
			);
			runOnlyForDeploymentPostprocessing = 0;
		};
/* End PBXSourcesBuildPhase section */

/* Begin PBXVariantGroup section */
		AD822B5315B9ADD300FB0B55 /* InfoPlist.strings */ = {
			isa = PBXVariantGroup;
			children = (
				AD822B5415B9ADD300FB0B55 /* en */,
			);
			name = InfoPlist.strings;
			sourceTree = "<group>";
		};
		AD822B5515B9ADD300FB0B55 /* MongoDBPrefsPane.xib */ = {
			isa = PBXVariantGroup;
			children = (
				AD822B5615B9ADD300FB0B55 /* en */,
			);
			name = MongoDBPrefsPane.xib;
			sourceTree = "<group>";
		};
/* End PBXVariantGroup section */

/* Begin XCBuildConfiguration section */
		AD822B4015B9951F00FB0B55 /* Debug */ = {
			isa = XCBuildConfiguration;
			buildSettings = {
				ALWAYS_SEARCH_USER_PATHS = NO;
				ARCHS = "$(ARCHS_STANDARD_64_BIT)";
				CLANG_ENABLE_OBJC_ARC = NO;
				COPY_PHASE_STRIP = NO;
				GCC_C_LANGUAGE_STANDARD = gnu99;
				GCC_DYNAMIC_NO_PIC = NO;
				GCC_ENABLE_OBJC_EXCEPTIONS = YES;
				GCC_ENABLE_OBJC_GC = supported;
				GCC_OPTIMIZATION_LEVEL = 0;
				GCC_PREPROCESSOR_DEFINITIONS = (
					"DEBUG=1",
					"$(inherited)",
				);
				GCC_SYMBOLS_PRIVATE_EXTERN = NO;
				GCC_VERSION = com.apple.compilers.llvm.clang.1_0;
				GCC_WARN_64_TO_32_BIT_CONVERSION = YES;
				GCC_WARN_ABOUT_RETURN_TYPE = YES;
				GCC_WARN_UNINITIALIZED_AUTOS = YES;
				GCC_WARN_UNUSED_VARIABLE = YES;
				MACOSX_DEPLOYMENT_TARGET = 10.6;
				ONLY_ACTIVE_ARCH = YES;
				SDKROOT = macosx;
			};
			name = Debug;
		};
		AD822B4115B9951F00FB0B55 /* Release */ = {
			isa = XCBuildConfiguration;
			buildSettings = {
				ALWAYS_SEARCH_USER_PATHS = NO;
				ARCHS = "$(ARCHS_STANDARD_64_BIT)";
				CLANG_ENABLE_OBJC_ARC = NO;
				COPY_PHASE_STRIP = YES;
				DEBUG_INFORMATION_FORMAT = "dwarf-with-dsym";
				GCC_C_LANGUAGE_STANDARD = gnu99;
				GCC_ENABLE_OBJC_EXCEPTIONS = YES;
				GCC_ENABLE_OBJC_GC = supported;
				GCC_VERSION = com.apple.compilers.llvm.clang.1_0;
				GCC_WARN_64_TO_32_BIT_CONVERSION = YES;
				GCC_WARN_ABOUT_RETURN_TYPE = YES;
				GCC_WARN_UNINITIALIZED_AUTOS = YES;
				GCC_WARN_UNUSED_VARIABLE = YES;
				MACOSX_DEPLOYMENT_TARGET = 10.6;
				SDKROOT = macosx;
			};
			name = Release;
		};
		AD822B4315B9951F00FB0B55 /* Debug */ = {
			isa = XCBuildConfiguration;
			buildSettings = {
				CLANG_ENABLE_OBJC_ARC = "${inherited}";
				GCC_ENABLE_OBJC_GC = supported;
				GCC_PRECOMPILE_PREFIX_HEADER = YES;
				GCC_PREFIX_HEADER = "src/main/objc/MongoDB-Prefix.pch";
				INFOPLIST_FILE = "src/main/config/MongoDB-PrefsPane-Info.plist";
				INSTALL_PATH = "$(HOME)/Library/PreferencePanes";
				PRODUCT_NAME = MongoDB;
				WRAPPER_EXTENSION = prefPane;
			};
			name = Debug;
		};
		AD822B4415B9951F00FB0B55 /* Release */ = {
			isa = XCBuildConfiguration;
			buildSettings = {
				CLANG_ENABLE_OBJC_ARC = "${inherited}";
				GCC_ENABLE_OBJC_GC = supported;
				GCC_PRECOMPILE_PREFIX_HEADER = YES;
				GCC_PREFIX_HEADER = "src/main/objc/MongoDB-Prefix.pch";
				INFOPLIST_FILE = "src/main/config/MongoDB-PrefsPane-Info.plist";
				INSTALL_PATH = "$(HOME)/Library/PreferencePanes";
				PRODUCT_NAME = MongoDB;
				WRAPPER_EXTENSION = prefPane;
			};
			name = Release;
		};
/* End XCBuildConfiguration section */

/* Begin XCConfigurationList section */
		AD822B1E15B9951F00FB0B55 /* Build configuration list for PBXProject "MongoDB-PrefsPane" */ = {
			isa = XCConfigurationList;
			buildConfigurations = (
				AD822B4015B9951F00FB0B55 /* Debug */,
				AD822B4115B9951F00FB0B55 /* Release */,
			);
			defaultConfigurationIsVisible = 0;
			defaultConfigurationName = Release;
		};
		AD822B4215B9951F00FB0B55 /* Build configuration list for PBXNativeTarget "MongoDB-PrefsPane" */ = {
			isa = XCConfigurationList;
			buildConfigurations = (
				AD822B4315B9951F00FB0B55 /* Debug */,
				AD822B4415B9951F00FB0B55 /* Release */,
			);
			defaultConfigurationIsVisible = 0;
			defaultConfigurationName = Release;
		};
/* End XCConfigurationList section */
	};
	rootObject = AD822B1B15B9951F00FB0B55 /* Project object */;
}
