// !$*UTF8*$!
{
	archiveVersion = 1;
	classes = {
	};
	objectVersion = 46;
	objects = {

/* Begin PBXBuildFile section */
		AD71428515BDF4E700FF90F5 /* NSString+Log.h in Headers */ = {isa = PBXBuildFile; fileRef = AD71428315BDF4E700FF90F5 /* NSString+Log.h */; };
		AD71428615BDF4E700FF90F5 /* NSString+Log.m in Sources */ = {isa = PBXBuildFile; fileRef = AD71428415BDF4E700FF90F5 /* NSString+Log.m */; };
		AD7142A415BE728000FF90F5 /* AutoUpdater.h in Headers */ = {isa = PBXBuildFile; fileRef = AD7142A215BE728000FF90F5 /* AutoUpdater.h */; };
		AD7142A515BE728000FF90F5 /* AutoUpdater.m in Sources */ = {isa = PBXBuildFile; fileRef = AD7142A315BE728000FF90F5 /* AutoUpdater.m */; };
		AD7142B415BECCA900FF90F5 /* Security.framework in Frameworks */ = {isa = PBXBuildFile; fileRef = AD7142B315BECCA900FF90F5 /* Security.framework */; };
		AD7142BD15BFC7DA00FF90F5 /* MongoDBPrefsPane.m in Sources */ = {isa = PBXBuildFile; fileRef = AD7142BE15BFC7DA00FF90F5 /* MongoDBPrefsPane.m */; };
		AD822B2A15B9951F00FB0B55 /* Cocoa.framework in Frameworks */ = {isa = PBXBuildFile; fileRef = AD822B2915B9951F00FB0B55 /* Cocoa.framework */; };
		AD822B2C15B9951F00FB0B55 /* PreferencePanes.framework in Frameworks */ = {isa = PBXBuildFile; fileRef = AD822B2B15B9951F00FB0B55 /* PreferencePanes.framework */; };
		AD822B5C15B9ADD300FB0B55 /* MongoDB-Prefix.pch in Headers */ = {isa = PBXBuildFile; fileRef = AD822B4F15B9ADD300FB0B55 /* MongoDB-Prefix.pch */; };
		AD822B5D15B9ADD300FB0B55 /* MongoDBPrefsPane.h in Headers */ = {isa = PBXBuildFile; fileRef = AD822B5015B9ADD300FB0B55 /* MongoDBPrefsPane.h */; };
		AD822B6015B9ADD300FB0B55 /* MongoDBPrefsPane.xib in Resources */ = {isa = PBXBuildFile; fileRef = AD822B5515B9ADD300FB0B55 /* MongoDBPrefsPane.xib */; };
		ADAF3CBB15BA9569008C79F0 /* Helpers.h in Headers */ = {isa = PBXBuildFile; fileRef = ADAF3CB915BA9569008C79F0 /* Helpers.h */; };
		ADAF3CBC15BA9569008C79F0 /* Helpers.m in Sources */ = {isa = PBXBuildFile; fileRef = ADAF3CBA15BA9569008C79F0 /* Helpers.m */; };
		ADAF3CCF15BC0257008C79F0 /* Helpers+Mongod.h in Headers */ = {isa = PBXBuildFile; fileRef = ADAF3CCD15BC0257008C79F0 /* Helpers+Mongod.h */; };
		ADAF3CD015BC0257008C79F0 /* Helpers+Mongod.m in Sources */ = {isa = PBXBuildFile; fileRef = ADAF3CCE15BC0257008C79F0 /* Helpers+Mongod.m */; };
		ADAF3CD315BC0275008C79F0 /* Helpers+Launchd.h in Headers */ = {isa = PBXBuildFile; fileRef = ADAF3CD115BC0275008C79F0 /* Helpers+Launchd.h */; };
		ADAF3CD415BC0275008C79F0 /* Helpers+Launchd.m in Sources */ = {isa = PBXBuildFile; fileRef = ADAF3CD215BC0275008C79F0 /* Helpers+Launchd.m */; };
		ADAF3CD715BC0D1F008C79F0 /* Helpers+Private.h in Headers */ = {isa = PBXBuildFile; fileRef = ADAF3CD515BC0D1F008C79F0 /* Helpers+Private.h */; };
		ADAF3CD815BC0D1F008C79F0 /* Helpers+Private.m in Sources */ = {isa = PBXBuildFile; fileRef = ADAF3CD615BC0D1F008C79F0 /* Helpers+Private.m */; };
		ADC955FA15BC4D4600E8D3FA /* Localizable.strings in Resources */ = {isa = PBXBuildFile; fileRef = AD945F8315BC417B000A74FF /* Localizable.strings */; };
		ADF95DBC15C6CFFA00E5A3EE /* mongodb-pane.tiff in Resources */ = {isa = PBXBuildFile; fileRef = ADF95DBB15C6CFFA00E5A3EE /* mongodb-pane.tiff */; };
		ADF95DC015C6D76A00E5A3EE /* instance_started.tiff in Resources */ = {isa = PBXBuildFile; fileRef = ADF95DBD15C6D76A00E5A3EE /* instance_started.tiff */; };
		ADF95DC115C6D76A00E5A3EE /* instance_stopped.tiff in Resources */ = {isa = PBXBuildFile; fileRef = ADF95DBE15C6D76A00E5A3EE /* instance_stopped.tiff */; };
		ADF95DC215C6D76A00E5A3EE /* logo-mongodb.tiff in Resources */ = {isa = PBXBuildFile; fileRef = ADF95DBF15C6D76A00E5A3EE /* logo-mongodb.tiff */; };
/* End PBXBuildFile section */

/* Begin PBXFileReference section */
		AD71428315BDF4E700FF90F5 /* NSString+Log.h */ = {isa = PBXFileReference; fileEncoding = 4; lastKnownFileType = sourcecode.c.h; path = "NSString+Log.h"; sourceTree = "<group>"; };
		AD71428415BDF4E700FF90F5 /* NSString+Log.m */ = {isa = PBXFileReference; fileEncoding = 4; lastKnownFileType = sourcecode.c.objc; path = "NSString+Log.m"; sourceTree = "<group>"; };
		AD7142A215BE728000FF90F5 /* AutoUpdater.h */ = {isa = PBXFileReference; fileEncoding = 4; lastKnownFileType = sourcecode.c.h; path = AutoUpdater.h; sourceTree = "<group>"; };
		AD7142A315BE728000FF90F5 /* AutoUpdater.m */ = {isa = PBXFileReference; fileEncoding = 4; lastKnownFileType = sourcecode.c.objc; path = AutoUpdater.m; sourceTree = "<group>"; };
		AD7142B315BECCA900FF90F5 /* Security.framework */ = {isa = PBXFileReference; lastKnownFileType = wrapper.framework; name = Security.framework; path = System/Library/Frameworks/Security.framework; sourceTree = SDKROOT; };
		AD7142BE15BFC7DA00FF90F5 /* MongoDBPrefsPane.m */ = {isa = PBXFileReference; lastKnownFileType = sourcecode.c.objc; path = MongoDBPrefsPane.m; sourceTree = "<group>"; };
		AD822B2615B9951F00FB0B55 /* MongoDB.prefPane */ = {isa = PBXFileReference; explicitFileType = wrapper.cfbundle; includeInIndex = 0; path = MongoDB.prefPane; sourceTree = BUILT_PRODUCTS_DIR; };
		AD822B2915B9951F00FB0B55 /* Cocoa.framework */ = {isa = PBXFileReference; lastKnownFileType = wrapper.framework; name = Cocoa.framework; path = System/Library/Frameworks/Cocoa.framework; sourceTree = SDKROOT; };
		AD822B2B15B9951F00FB0B55 /* PreferencePanes.framework */ = {isa = PBXFileReference; lastKnownFileType = wrapper.framework; name = PreferencePanes.framework; path = System/Library/Frameworks/PreferencePanes.framework; sourceTree = SDKROOT; };
		AD822B2E15B9951F00FB0B55 /* AppKit.framework */ = {isa = PBXFileReference; lastKnownFileType = wrapper.framework; name = AppKit.framework; path = System/Library/Frameworks/AppKit.framework; sourceTree = SDKROOT; };
		AD822B2F15B9951F00FB0B55 /* CoreData.framework */ = {isa = PBXFileReference; lastKnownFileType = wrapper.framework; name = CoreData.framework; path = System/Library/Frameworks/CoreData.framework; sourceTree = SDKROOT; };
		AD822B3015B9951F00FB0B55 /* Foundation.framework */ = {isa = PBXFileReference; lastKnownFileType = wrapper.framework; name = Foundation.framework; path = System/Library/Frameworks/Foundation.framework; sourceTree = SDKROOT; };
		AD822B4D15B9ADD300FB0B55 /* MongoDB-PrefsPane-Info.plist */ = {isa = PBXFileReference; fileEncoding = 4; lastKnownFileType = text.plist.xml; path = "MongoDB-PrefsPane-Info.plist"; sourceTree = "<group>"; };
		AD822B4F15B9ADD300FB0B55 /* MongoDB-Prefix.pch */ = {isa = PBXFileReference; fileEncoding = 4; lastKnownFileType = sourcecode.c.h; path = "MongoDB-Prefix.pch"; sourceTree = "<group>"; };
		AD822B5015B9ADD300FB0B55 /* MongoDBPrefsPane.h */ = {isa = PBXFileReference; fileEncoding = 4; lastKnownFileType = sourcecode.c.h; path = MongoDBPrefsPane.h; sourceTree = "<group>"; };
		AD822B5615B9ADD300FB0B55 /* en */ = {isa = PBXFileReference; lastKnownFileType = file.xib; name = en; path = en.lproj/MongoDBPrefsPane.xib; sourceTree = "<group>"; };
		AD945F8415BC417B000A74FF /* en */ = {isa = PBXFileReference; fileEncoding = 4; lastKnownFileType = text.plist.strings; name = en; path = en.lproj/Localizable.strings; sourceTree = "<group>"; };
		ADAF3CB915BA9569008C79F0 /* Helpers.h */ = {isa = PBXFileReference; fileEncoding = 4; lastKnownFileType = sourcecode.c.h; path = Helpers.h; sourceTree = "<group>"; };
		ADAF3CBA15BA9569008C79F0 /* Helpers.m */ = {isa = PBXFileReference; fileEncoding = 4; lastKnownFileType = sourcecode.c.objc; path = Helpers.m; sourceTree = "<group>"; };
		ADAF3CCD15BC0257008C79F0 /* Helpers+Mongod.h */ = {isa = PBXFileReference; fileEncoding = 4; lastKnownFileType = sourcecode.c.h; path = "Helpers+Mongod.h"; sourceTree = "<group>"; };
		ADAF3CCE15BC0257008C79F0 /* Helpers+Mongod.m */ = {isa = PBXFileReference; fileEncoding = 4; lastKnownFileType = sourcecode.c.objc; path = "Helpers+Mongod.m"; sourceTree = "<group>"; };
		ADAF3CD115BC0275008C79F0 /* Helpers+Launchd.h */ = {isa = PBXFileReference; fileEncoding = 4; lastKnownFileType = sourcecode.c.h; path = "Helpers+Launchd.h"; sourceTree = "<group>"; };
		ADAF3CD215BC0275008C79F0 /* Helpers+Launchd.m */ = {isa = PBXFileReference; fileEncoding = 4; lastKnownFileType = sourcecode.c.objc; path = "Helpers+Launchd.m"; sourceTree = "<group>"; };
		ADAF3CD515BC0D1F008C79F0 /* Helpers+Private.h */ = {isa = PBXFileReference; fileEncoding = 4; lastKnownFileType = sourcecode.c.h; path = "Helpers+Private.h"; sourceTree = "<group>"; };
		ADAF3CD615BC0D1F008C79F0 /* Helpers+Private.m */ = {isa = PBXFileReference; fileEncoding = 4; lastKnownFileType = sourcecode.c.objc; path = "Helpers+Private.m"; sourceTree = "<group>"; };
		ADC4D28F15C194D500CEB84A /* fr */ = {isa = PBXFileReference; lastKnownFileType = text.plist.strings; name = fr; path = "/Users/remy/Projects/github/macosx/mongodb-macosx-prefspane/src/main/resources/fr.lproj/Localizable.strings"; sourceTree = "<absolute>"; };
		ADC4D29015C194D500CEB84A /* fr */ = {isa = PBXFileReference; lastKnownFileType = file.xib; name = fr; path = "/Users/remy/Projects/github/macosx/mongodb-macosx-prefspane/src/main/resources/fr.lproj/MongoDBPrefsPane.xib"; sourceTree = "<absolute>"; };
		ADC4D29115C194DD00CEB84A /* zh-Hans */ = {isa = PBXFileReference; lastKnownFileType = text.plist.strings; name = "zh-Hans"; path = "/Users/remy/Projects/github/macosx/mongodb-macosx-prefspane/src/main/resources/zh-Hans.lproj/Localizable.strings"; sourceTree = "<absolute>"; };
		ADC4D29215C194DD00CEB84A /* zh-Hans */ = {isa = PBXFileReference; lastKnownFileType = file.xib; name = "zh-Hans"; path = "/Users/remy/Projects/github/macosx/mongodb-macosx-prefspane/src/main/resources/zh-Hans.lproj/MongoDBPrefsPane.xib"; sourceTree = "<absolute>"; };
		ADC4D29315C194E200CEB84A /* pt */ = {isa = PBXFileReference; lastKnownFileType = text.plist.strings; name = pt; path = "/Users/remy/Projects/github/macosx/mongodb-macosx-prefspane/src/main/resources/pt.lproj/Localizable.strings"; sourceTree = "<absolute>"; };
		ADC4D29415C194E200CEB84A /* pt */ = {isa = PBXFileReference; lastKnownFileType = file.xib; name = pt; path = "/Users/remy/Projects/github/macosx/mongodb-macosx-prefspane/src/main/resources/pt.lproj/MongoDBPrefsPane.xib"; sourceTree = "<absolute>"; };
		ADC4D29515C194F200CEB84A /* es */ = {isa = PBXFileReference; lastKnownFileType = text.plist.strings; name = es; path = "/Users/remy/Projects/github/macosx/mongodb-macosx-prefspane/src/main/resources/es.lproj/Localizable.strings"; sourceTree = "<absolute>"; };
		ADC4D29615C194F200CEB84A /* es */ = {isa = PBXFileReference; lastKnownFileType = file.xib; name = es; path = "/Users/remy/Projects/github/macosx/mongodb-macosx-prefspane/src/main/resources/es.lproj/MongoDBPrefsPane.xib"; sourceTree = "<absolute>"; };
		ADF95DBB15C6CFFA00E5A3EE /* mongodb-pane.tiff */ = {isa = PBXFileReference; lastKnownFileType = image.tiff; path = "mongodb-pane.tiff"; sourceTree = "<group>"; };
		ADF95DBD15C6D76A00E5A3EE /* instance_started.tiff */ = {isa = PBXFileReference; lastKnownFileType = image.tiff; path = instance_started.tiff; sourceTree = "<group>"; };
		ADF95DBE15C6D76A00E5A3EE /* instance_stopped.tiff */ = {isa = PBXFileReference; lastKnownFileType = image.tiff; path = instance_stopped.tiff; sourceTree = "<group>"; };
		ADF95DBF15C6D76A00E5A3EE /* logo-mongodb.tiff */ = {isa = PBXFileReference; lastKnownFileType = image.tiff; path = "logo-mongodb.tiff"; sourceTree = "<group>"; };
/* End PBXFileReference section */

/* Begin PBXFrameworksBuildPhase section */
		AD822B2115B9951F00FB0B55 /* Frameworks */ = {
			isa = PBXFrameworksBuildPhase;
			buildActionMask = 2147483647;
			files = (
				AD7142B415BECCA900FF90F5 /* Security.framework in Frameworks */,
				AD822B2A15B9951F00FB0B55 /* Cocoa.framework in Frameworks */,
				AD822B2C15B9951F00FB0B55 /* PreferencePanes.framework in Frameworks */,
			);
			runOnlyForDeploymentPostprocessing = 0;
		};
/* End PBXFrameworksBuildPhase section */

/* Begin PBXGroup section */
		AD822B1915B9951F00FB0B55 = {
			isa = PBXGroup;
			children = (
				AD822B4B15B9ADD300FB0B55 /* main */,
				AD822B2815B9951F00FB0B55 /* Frameworks */,
				AD822B2715B9951F00FB0B55 /* Products */,
			);
			sourceTree = "<group>";
		};
		AD822B2715B9951F00FB0B55 /* Products */ = {
			isa = PBXGroup;
			children = (
				AD822B2615B9951F00FB0B55 /* MongoDB.prefPane */,
			);
			name = Products;
			sourceTree = "<group>";
		};
		AD822B2815B9951F00FB0B55 /* Frameworks */ = {
			isa = PBXGroup;
			children = (
				AD7142B315BECCA900FF90F5 /* Security.framework */,
				AD822B2915B9951F00FB0B55 /* Cocoa.framework */,
				AD822B2B15B9951F00FB0B55 /* PreferencePanes.framework */,
				AD822B2D15B9951F00FB0B55 /* Other Frameworks */,
			);
			name = Frameworks;
			sourceTree = "<group>";
		};
		AD822B2D15B9951F00FB0B55 /* Other Frameworks */ = {
			isa = PBXGroup;
			children = (
				AD822B2E15B9951F00FB0B55 /* AppKit.framework */,
				AD822B2F15B9951F00FB0B55 /* CoreData.framework */,
				AD822B3015B9951F00FB0B55 /* Foundation.framework */,
			);
			name = "Other Frameworks";
			sourceTree = "<group>";
		};
		AD822B4B15B9ADD300FB0B55 /* main */ = {
			isa = PBXGroup;
			children = (
				AD822B4C15B9ADD300FB0B55 /* config */,
				AD822B4E15B9ADD300FB0B55 /* objc */,
				AD822B5215B9ADD300FB0B55 /* resources */,
			);
			name = main;
			path = src/main;
			sourceTree = "<group>";
		};
		AD822B4C15B9ADD300FB0B55 /* config */ = {
			isa = PBXGroup;
			children = (
				AD822B4D15B9ADD300FB0B55 /* MongoDB-PrefsPane-Info.plist */,
			);
			path = config;
			sourceTree = "<group>";
		};
		AD822B4E15B9ADD300FB0B55 /* objc */ = {
			isa = PBXGroup;
			children = (
				AD822B4F15B9ADD300FB0B55 /* MongoDB-Prefix.pch */,
				AD822B5015B9ADD300FB0B55 /* MongoDBPrefsPane.h */,
				AD7142BE15BFC7DA00FF90F5 /* MongoDBPrefsPane.m */,
				ADAF3CB915BA9569008C79F0 /* Helpers.h */,
				ADAF3CBA15BA9569008C79F0 /* Helpers.m */,
				ADAF3CCD15BC0257008C79F0 /* Helpers+Mongod.h */,
				ADAF3CCE15BC0257008C79F0 /* Helpers+Mongod.m */,
				ADAF3CD115BC0275008C79F0 /* Helpers+Launchd.h */,
				ADAF3CD215BC0275008C79F0 /* Helpers+Launchd.m */,
				ADAF3CD515BC0D1F008C79F0 /* Helpers+Private.h */,
				ADAF3CD615BC0D1F008C79F0 /* Helpers+Private.m */,
				AD71428315BDF4E700FF90F5 /* NSString+Log.h */,
				AD71428415BDF4E700FF90F5 /* NSString+Log.m */,
				AD7142A215BE728000FF90F5 /* AutoUpdater.h */,
				AD7142A315BE728000FF90F5 /* AutoUpdater.m */,
			);
			path = objc;
			sourceTree = "<group>";
		};
		AD822B5215B9ADD300FB0B55 /* resources */ = {
			isa = PBXGroup;
			children = (
				ADF95DBD15C6D76A00E5A3EE /* instance_started.tiff */,
				ADF95DBE15C6D76A00E5A3EE /* instance_stopped.tiff */,
				ADF95DBF15C6D76A00E5A3EE /* logo-mongodb.tiff */,
				ADF95DBB15C6CFFA00E5A3EE /* mongodb-pane.tiff */,
				AD945F8315BC417B000A74FF /* Localizable.strings */,
				AD822B5515B9ADD300FB0B55 /* MongoDBPrefsPane.xib */,
			);
			path = resources;
			sourceTree = "<group>";
		};
/* End PBXGroup section */

/* Begin PBXHeadersBuildPhase section */
		AD822B2215B9951F00FB0B55 /* Headers */ = {
			isa = PBXHeadersBuildPhase;
			buildActionMask = 2147483647;
			files = (
				AD822B5C15B9ADD300FB0B55 /* MongoDB-Prefix.pch in Headers */,
				AD822B5D15B9ADD300FB0B55 /* MongoDBPrefsPane.h in Headers */,
				ADAF3CBB15BA9569008C79F0 /* Helpers.h in Headers */,
				ADAF3CCF15BC0257008C79F0 /* Helpers+Mongod.h in Headers */,
				ADAF3CD315BC0275008C79F0 /* Helpers+Launchd.h in Headers */,
				ADAF3CD715BC0D1F008C79F0 /* Helpers+Private.h in Headers */,
				AD71428515BDF4E700FF90F5 /* NSString+Log.h in Headers */,
				AD7142A415BE728000FF90F5 /* AutoUpdater.h in Headers */,
			);
			runOnlyForDeploymentPostprocessing = 0;
		};
/* End PBXHeadersBuildPhase section */

/* Begin PBXNativeTarget section */
		AD822B2515B9951F00FB0B55 /* MongoDB-PrefsPane */ = {
			isa = PBXNativeTarget;
			buildConfigurationList = AD822B4215B9951F00FB0B55 /* Build configuration list for PBXNativeTarget "MongoDB-PrefsPane" */;
			buildPhases = (
				AD822B2015B9951F00FB0B55 /* Sources */,
				AD822B2115B9951F00FB0B55 /* Frameworks */,
				AD822B2215B9951F00FB0B55 /* Headers */,
				AD822B2315B9951F00FB0B55 /* Resources */,
			);
			buildRules = (
			);
			dependencies = (
			);
			name = "MongoDB-PrefsPane";
			productName = mongodb;
			productReference = AD822B2615B9951F00FB0B55 /* MongoDB.prefPane */;
			productType = "com.apple.product-type.bundle";
		};
/* End PBXNativeTarget section */

/* Begin PBXProject section */
		AD822B1B15B9951F00FB0B55 /* Project object */ = {
			isa = PBXProject;
			attributes = {
				LastUpgradeCheck = 0430;
				ORGANIZATIONNAME = "Octo Technology";
			};
			buildConfigurationList = AD822B1E15B9951F00FB0B55 /* Build configuration list for PBXProject "MongoDB-PrefsPane" */;
			compatibilityVersion = "Xcode 3.2";
			developmentRegion = English;
			hasScannedForEncodings = 0;
			knownRegions = (
				en,
				fr,
				"zh-Hans",
			);
			mainGroup = AD822B1915B9951F00FB0B55;
			productRefGroup = AD822B2715B9951F00FB0B55 /* Products */;
			projectDirPath = "";
			projectRoot = "";
			targets = (
				AD822B2515B9951F00FB0B55 /* MongoDB-PrefsPane */,
			);
		};
/* End PBXProject section */

/* Begin PBXResourcesBuildPhase section */
		AD822B2315B9951F00FB0B55 /* Resources */ = {
			isa = PBXResourcesBuildPhase;
			buildActionMask = 2147483647;
			files = (
				ADC955FA15BC4D4600E8D3FA /* Localizable.strings in Resources */,
				AD822B6015B9ADD300FB0B55 /* MongoDBPrefsPane.xib in Resources */,
				ADF95DBC15C6CFFA00E5A3EE /* mongodb-pane.tiff in Resources */,
				ADF95DC015C6D76A00E5A3EE /* instance_started.tiff in Resources */,
				ADF95DC115C6D76A00E5A3EE /* instance_stopped.tiff in Resources */,
				ADF95DC215C6D76A00E5A3EE /* logo-mongodb.tiff in Resources */,
			);
			runOnlyForDeploymentPostprocessing = 0;
		};
/* End PBXResourcesBuildPhase section */

/* Begin PBXSourcesBuildPhase section */
		AD822B2015B9951F00FB0B55 /* Sources */ = {
			isa = PBXSourcesBuildPhase;
			buildActionMask = 2147483647;
			files = (
				AD7142BD15BFC7DA00FF90F5 /* MongoDBPrefsPane.m in Sources */,
				ADAF3CBC15BA9569008C79F0 /* Helpers.m in Sources */,
				ADAF3CD015BC0257008C79F0 /* Helpers+Mongod.m in Sources */,
				ADAF3CD415BC0275008C79F0 /* Helpers+Launchd.m in Sources */,
				ADAF3CD815BC0D1F008C79F0 /* Helpers+Private.m in Sources */,
				AD71428615BDF4E700FF90F5 /* NSString+Log.m in Sources */,
				AD7142A515BE728000FF90F5 /* AutoUpdater.m in Sources */,
			);
			runOnlyForDeploymentPostprocessing = 0;
		};
/* End PBXSourcesBuildPhase section */

/* Begin PBXVariantGroup section */
		AD822B5515B9ADD300FB0B55 /* MongoDBPrefsPane.xib */ = {
			isa = PBXVariantGroup;
			children = (
				AD822B5615B9ADD300FB0B55 /* en */,
				ADC4D29015C194D500CEB84A /* fr */,
				ADC4D29215C194DD00CEB84A /* zh-Hans */,
				ADC4D29415C194E200CEB84A /* pt */,
				ADC4D29615C194F200CEB84A /* es */,
			);
			name = MongoDBPrefsPane.xib;
			sourceTree = "<group>";
		};
		AD945F8315BC417B000A74FF /* Localizable.strings */ = {
			isa = PBXVariantGroup;
			children = (
				AD945F8415BC417B000A74FF /* en */,
				ADC4D28F15C194D500CEB84A /* fr */,
				ADC4D29115C194DD00CEB84A /* zh-Hans */,
				ADC4D29315C194E200CEB84A /* pt */,
				ADC4D29515C194F200CEB84A /* es */,
			);
			name = Localizable.strings;
			sourceTree = "<group>";
		};
/* End PBXVariantGroup section */

/* Begin XCBuildConfiguration section */
		AD822B4015B9951F00FB0B55 /* Debug */ = {
			isa = XCBuildConfiguration;
			buildSettings = {
				ALWAYS_SEARCH_USER_PATHS = NO;
				ARCHS = "$(ARCHS_STANDARD_64_BIT)";
				CLANG_ENABLE_OBJC_ARC = NO;
				COPY_PHASE_STRIP = NO;
				CURRENT_PROJECT_VERSION = 4;
				GCC_C_LANGUAGE_STANDARD = gnu99;
				GCC_DYNAMIC_NO_PIC = NO;
				GCC_ENABLE_OBJC_EXCEPTIONS = YES;
				GCC_ENABLE_OBJC_GC = supported;
				GCC_OPTIMIZATION_LEVEL = 0;
				GCC_PREPROCESSOR_DEFINITIONS = (
					"DEBUG=1",
					"$(inherited)",
				);
				GCC_SYMBOLS_PRIVATE_EXTERN = NO;
				GCC_VERSION = com.apple.compilers.llvm.clang.1_0;
				GCC_WARN_64_TO_32_BIT_CONVERSION = YES;
				GCC_WARN_ABOUT_RETURN_TYPE = YES;
				GCC_WARN_UNINITIALIZED_AUTOS = YES;
				GCC_WARN_UNUSED_VARIABLE = YES;
				MACOSX_DEPLOYMENT_TARGET = 10.6;
				ONLY_ACTIVE_ARCH = YES;
				SDKROOT = macosx;
				VERSIONING_SYSTEM = "apple-generic";
			};
			name = Debug;
		};
		AD822B4115B9951F00FB0B55 /* Release */ = {
			isa = XCBuildConfiguration;
			buildSettings = {
				ALWAYS_SEARCH_USER_PATHS = NO;
				ARCHS = "$(ARCHS_STANDARD_64_BIT)";
				CLANG_ENABLE_OBJC_ARC = NO;
				COPY_PHASE_STRIP = YES;
				CURRENT_PROJECT_VERSION = 4;
				DEBUG_INFORMATION_FORMAT = "dwarf-with-dsym";
				GCC_C_LANGUAGE_STANDARD = gnu99;
				GCC_ENABLE_OBJC_EXCEPTIONS = YES;
				GCC_ENABLE_OBJC_GC = supported;
				GCC_VERSION = com.apple.compilers.llvm.clang.1_0;
				GCC_WARN_64_TO_32_BIT_CONVERSION = YES;
				GCC_WARN_ABOUT_RETURN_TYPE = YES;
				GCC_WARN_UNINITIALIZED_AUTOS = YES;
				GCC_WARN_UNUSED_VARIABLE = YES;
				MACOSX_DEPLOYMENT_TARGET = 10.6;
				SDKROOT = macosx;
				VERSIONING_SYSTEM = "apple-generic";
			};
			name = Release;
		};
		AD822B4315B9951F00FB0B55 /* Debug */ = {
			isa = XCBuildConfiguration;
			buildSettings = {
				CLANG_ENABLE_OBJC_ARC = "${inherited}";
				CURRENT_PROJECT_VERSION = 4;
				GCC_ENABLE_OBJC_GC = supported;
				GCC_PRECOMPILE_PREFIX_HEADER = YES;
				GCC_PREFIX_HEADER = "src/main/objc/MongoDB-Prefix.pch";
				INFOPLIST_FILE = "src/main/config/MongoDB-PrefsPane-Info.plist";
				INSTALL_PATH = "$(HOME)/Library/PreferencePanes";
				PRODUCT_NAME = MongoDB;
				SDKROOT = macosx;
				WRAPPER_EXTENSION = prefPane;
			};
			name = Debug;
		};
		AD822B4415B9951F00FB0B55 /* Release */ = {
			isa = XCBuildConfiguration;
			buildSettings = {
				CLANG_ENABLE_OBJC_ARC = "${inherited}";
				CURRENT_PROJECT_VERSION = 4;
				GCC_ENABLE_OBJC_GC = supported;
				GCC_PRECOMPILE_PREFIX_HEADER = YES;
				GCC_PREFIX_HEADER = "src/main/objc/MongoDB-Prefix.pch";
				INFOPLIST_FILE = "src/main/config/MongoDB-PrefsPane-Info.plist";
				INSTALL_PATH = "$(HOME)/Library/PreferencePanes";
				PRODUCT_NAME = MongoDB;
				SDKROOT = macosx;
				WRAPPER_EXTENSION = prefPane;
			};
			name = Release;
		};
/* End XCBuildConfiguration section */

/* Begin XCConfigurationList section */
		AD822B1E15B9951F00FB0B55 /* Build configuration list for PBXProject "MongoDB-PrefsPane" */ = {
			isa = XCConfigurationList;
			buildConfigurations = (
				AD822B4015B9951F00FB0B55 /* Debug */,
				AD822B4115B9951F00FB0B55 /* Release */,
			);
			defaultConfigurationIsVisible = 0;
			defaultConfigurationName = Release;
		};
		AD822B4215B9951F00FB0B55 /* Build configuration list for PBXNativeTarget "MongoDB-PrefsPane" */ = {
			isa = XCConfigurationList;
			buildConfigurations = (
				AD822B4315B9951F00FB0B55 /* Debug */,
				AD822B4415B9951F00FB0B55 /* Release */,
			);
			defaultConfigurationIsVisible = 0;
			defaultConfigurationName = Release;
		};
/* End XCConfigurationList section */
	};
	rootObject = AD822B1B15B9951F00FB0B55 /* Project object */;
}
